
Microsoft Visual Studio Solution File, Format Version 12.00
# Visual Studio Version 17
VisualStudioVersion = 17.14.37027.9 d17.14
MinimumVisualStudioVersion = 10.0.40219.1
Project("{FAE04EC0-301F-11D3-BF4B-00C04F79EFBC}") = "AltRodOfDiscord", "AltRodOfDiscord.csproj", "{99893EE0-CCBB-28F7-7FA0-F186D913FE2F}"
EndProject
Global
	GlobalSection(SolutionConfigurationPlatforms) = preSolution
		Debug|Any CPU = Debug|Any CPU
		Release|Any CPU = Release|Any CPU
	EndGlobalSection
	GlobalSection(ProjectConfigurationPlatforms) = postSolution
		{99893EE0-CCBB-28F7-7FA0-F186D913FE2F}.Debug|Any CPU.ActiveCfg = Debug|Any CPU
		{99893EE0-CCBB-28F7-7FA0-F186D913FE2F}.Debug|Any CPU.Build.0 = Debug|Any CPU
		{99893EE0-CCBB-28F7-7FA0-F186D913FE2F}.Release|Any CPU.ActiveCfg = Release|Any CPU
		{99893EE0-CCBB-28F7-7FA0-F186D913FE2F}.Release|Any CPU.Build.0 = Release|Any CPU
	EndGlobalSection
	GlobalSection(SolutionProperties) = preSolution
		HideSolutionNode = FALSE
	EndGlobalSection
	GlobalSection(ExtensibilityGlobals) = postSolution
		SolutionGuid = {3AF27E99-CCD1-4DEB-971E-4ABB979F0181}
	EndGlobalSection
EndGlobal
